
Microsoft Visual Studio Solution File, Format Version 12.00
# Visual Studio Version 16
VisualStudioVersion = 16.0.33801.447
MinimumVisualStudioVersion = 10.0.40219.1
Project("{FAE04EC0-301F-11D3-BF4B-00C04F79EFBC}") = "AXMSwiftWS_4.0", "AXMSwiftWS_4.0\AXMSwiftWS_4.0.csproj", "{F971B20E-C320-49C6-B0A7-7C1C74885A16}"
EndProject
Project("{FAE04EC0-301F-11D3-BF4B-00C04F79EFBC}") = "AXMSwiftWS_SOAP", "AXMSwiftWS_SOAP\AXMSwiftWS_SOAP.csproj", "{3BCBBAF9-C708-48CE-A754-BA4E44A15575}"
EndProject
Global
	GlobalSection(SolutionConfigurationPlatforms) = preSolution
		Debug|Any CPU = Debug|Any CPU
		Release|Any CPU = Release|Any CPU
	EndGlobalSection
	GlobalSection(ProjectConfigurationPlatforms) = postSolution
		{F971B20E-C320-49C6-B0A7-7C1C74885A16}.Debug|Any CPU.ActiveCfg = Debug|Any CPU
		{F971B20E-C320-49C6-B0A7-7C1C74885A16}.Debug|Any CPU.Build.0 = Debug|Any CPU
		{F971B20E-C320-49C6-B0A7-7C1C74885A16}.Release|Any CPU.ActiveCfg = Release|Any CPU
		{F971B20E-C320-49C6-B0A7-7C1C74885A16}.Release|Any CPU.Build.0 = Release|Any CPU
		{3BCBBAF9-C708-48CE-A754-BA4E44A15575}.Debug|Any CPU.ActiveCfg = Debug|Any CPU
		{3BCBBAF9-C708-48CE-A754-BA4E44A15575}.Debug|Any CPU.Build.0 = Debug|Any CPU
		{3BCBBAF9-C708-48CE-A754-BA4E44A15575}.Release|Any CPU.ActiveCfg = Release|Any CPU
		{3BCBBAF9-C708-48CE-A754-BA4E44A15575}.Release|Any CPU.Build.0 = Release|Any CPU
	EndGlobalSection
	GlobalSection(SolutionProperties) = preSolution
		HideSolutionNode = FALSE
	EndGlobalSection
	GlobalSection(ExtensibilityGlobals) = postSolution
		SolutionGuid = {FD684A2D-152D-4855-ADA7-2C7BE12687EA}
	EndGlobalSection
EndGlobal
